# generated by rye
# use `rye lock` or `rye sync` to update this lockfile
#
# last locked with the following flags:
#   pre: false
#   features: []
#   all-features: false
#   with-sources: false
#   generate-hashes: false
#   universal: false

-e file:.
certifi==2024.7.4
    # via requests
charset-normalizer==3.3.2
    # via requests
idna==3.7
    # via requests
pycairo==1.26.1
    # via pygobject
pygobject==3.48.2
    # via my-weather-indicator
pytz==2024.1
    # via my-weather-indicator
requests==2.32.3
    # via my-weather-indicator
urllib3==2.2.2
    # via requests
